
Microsoft Visual Studio Solution File, Format Version 12.00
# Visual Studio Version 17
VisualStudioVersion = 17.5.002.0
MinimumVisualStudioVersion = 10.0.40219.1
Project("{9A19103F-16F7-4668-BE54-9A1E7A4F7556}") = "TeleHealthHivProject", "TeleHealthHivProject.csproj", "{EE3323B8-4D47-476B-BD91-E8DFEF1152B6}"
EndProject
Global
	GlobalSection(SolutionConfigurationPlatforms) = preSolution
		Debug|Any CPU = Debug|Any CPU
		Release|Any CPU = Release|Any CPU
	EndGlobalSection
	GlobalSection(ProjectConfigurationPlatforms) = postSolution
		{EE3323B8-4D47-476B-BD91-E8DFEF1152B6}.Debug|Any CPU.ActiveCfg = Debug|Any CPU
		{EE3323B8-4D47-476B-BD91-E8DFEF1152B6}.Debug|Any CPU.Build.0 = Debug|Any CPU
		{EE3323B8-4D47-476B-BD91-E8DFEF1152B6}.Release|Any CPU.ActiveCfg = Release|Any CPU
		{EE3323B8-4D47-476B-BD91-E8DFEF1152B6}.Release|Any CPU.Build.0 = Release|Any CPU
	EndGlobalSection
	GlobalSection(SolutionProperties) = preSolution
		HideSolutionNode = FALSE
	EndGlobalSection
	GlobalSection(ExtensibilityGlobals) = postSolution
		SolutionGuid = {B19780D8-72D2-4AEB-AEB1-D8F5F8A5E5C4}
	EndGlobalSection
EndGlobal
